
Microsoft Visual Studio Solution File, Format Version 12.00
# Visual Studio Version 17
VisualStudioVersion = 17.5.002.0
MinimumVisualStudioVersion = 10.0.40219.1
Project("{9A19103F-16F7-4668-BE54-9A1E7A4F7556}") = "DotNetAPI", "DotNetAPI.csproj", "{17A68001-599C-4FE8-A655-458D1A55FA19}"
EndProject
Global
	GlobalSection(SolutionConfigurationPlatforms) = preSolution
		Debug|Any CPU = Debug|Any CPU
		Release|Any CPU = Release|Any CPU
	EndGlobalSection
	GlobalSection(ProjectConfigurationPlatforms) = postSolution
		{17A68001-599C-4FE8-A655-458D1A55FA19}.Debug|Any CPU.ActiveCfg = Debug|Any CPU
		{17A68001-599C-4FE8-A655-458D1A55FA19}.Debug|Any CPU.Build.0 = Debug|Any CPU
		{17A68001-599C-4FE8-A655-458D1A55FA19}.Release|Any CPU.ActiveCfg = Release|Any CPU
		{17A68001-599C-4FE8-A655-458D1A55FA19}.Release|Any CPU.Build.0 = Release|Any CPU
	EndGlobalSection
	GlobalSection(SolutionProperties) = preSolution
		HideSolutionNode = FALSE
	EndGlobalSection
	GlobalSection(ExtensibilityGlobals) = postSolution
		SolutionGuid = {CB11EB05-17C7-4128-B86E-D2C4D356D4FE}
	EndGlobalSection
EndGlobal
